// !$*UTF8*$!
{
	archiveVersion = 1;
	classes = {
	};
	objectVersion = 55;
	objects = {

/* Begin PBXBuildFile section */
		5F60A6032762B6250001804A /* main.swift in Sources */ = {isa = PBXBuildFile; fileRef = 5F60A6022762B6250001804A /* main.swift */; };
		5F60A60A2762B6300001804A /* FileSystemDriver.swift in Sources */ = {isa = PBXBuildFile; fileRef = 5F60A6092762B6300001804A /* FileSystemDriver.swift */; };
		5F60A60C2762B6340001804A /* Block.swift in Sources */ = {isa = PBXBuildFile; fileRef = 5F60A60B2762B6340001804A /* Block.swift */; };
		5F60A60E2762B6410001804A /* Descriptor.swift in Sources */ = {isa = PBXBuildFile; fileRef = 5F60A60D2762B6410001804A /* Descriptor.swift */; };
		5F60A6102762B7480001804A /* Constants.swift in Sources */ = {isa = PBXBuildFile; fileRef = 5F60A60F2762B7480001804A /* Constants.swift */; };
		5F60A6122762BB2E0001804A /* Logger.swift in Sources */ = {isa = PBXBuildFile; fileRef = 5F60A6112762BB2E0001804A /* Logger.swift */; };
		5F60A6142762BB790001804A /* Command.swift in Sources */ = {isa = PBXBuildFile; fileRef = 5F60A6132762BB790001804A /* Command.swift */; };
		5FF3C431276FBA6500F427ED /* BitMap.swift in Sources */ = {isa = PBXBuildFile; fileRef = 5FF3C430276FBA6500F427ED /* BitMap.swift */; };
		5FF3C433276FBEBF00F427ED /* ByteArray.swift in Sources */ = {isa = PBXBuildFile; fileRef = 5FF3C432276FBEBF00F427ED /* ByteArray.swift */; };
/* End PBXBuildFile section */

/* Begin PBXCopyFilesBuildPhase section */
		5F60A5FD2762B6250001804A /* CopyFiles */ = {
			isa = PBXCopyFilesBuildPhase;
			buildActionMask = 2147483647;
			dstPath = /usr/share/man/man1/;
			dstSubfolderSpec = 0;
			files = (
			);
			runOnlyForDeploymentPostprocessing = 1;
		};
/* End PBXCopyFilesBuildPhase section */

/* Begin PBXFileReference section */
		5F60A5FF2762B6250001804A /* FileSystem */ = {isa = PBXFileReference; explicitFileType = "compiled.mach-o.executable"; includeInIndex = 0; path = FileSystem; sourceTree = BUILT_PRODUCTS_DIR; };
		5F60A6022762B6250001804A /* main.swift */ = {isa = PBXFileReference; lastKnownFileType = sourcecode.swift; path = main.swift; sourceTree = "<group>"; };
		5F60A6092762B6300001804A /* FileSystemDriver.swift */ = {isa = PBXFileReference; lastKnownFileType = sourcecode.swift; path = FileSystemDriver.swift; sourceTree = "<group>"; };
		5F60A60B2762B6340001804A /* Block.swift */ = {isa = PBXFileReference; lastKnownFileType = sourcecode.swift; path = Block.swift; sourceTree = "<group>"; };
		5F60A60D2762B6410001804A /* Descriptor.swift */ = {isa = PBXFileReference; lastKnownFileType = sourcecode.swift; path = Descriptor.swift; sourceTree = "<group>"; };
		5F60A60F2762B7480001804A /* Constants.swift */ = {isa = PBXFileReference; lastKnownFileType = sourcecode.swift; path = Constants.swift; sourceTree = "<group>"; };
		5F60A6112762BB2E0001804A /* Logger.swift */ = {isa = PBXFileReference; lastKnownFileType = sourcecode.swift; path = Logger.swift; sourceTree = "<group>"; };
		5F60A6132762BB790001804A /* Command.swift */ = {isa = PBXFileReference; lastKnownFileType = sourcecode.swift; path = Command.swift; sourceTree = "<group>"; };
		5FF3C430276FBA6500F427ED /* BitMap.swift */ = {isa = PBXFileReference; lastKnownFileType = sourcecode.swift; path = BitMap.swift; sourceTree = "<group>"; };
		5FF3C432276FBEBF00F427ED /* ByteArray.swift */ = {isa = PBXFileReference; lastKnownFileType = sourcecode.swift; path = ByteArray.swift; sourceTree = "<group>"; };
/* End PBXFileReference section */

/* Begin PBXFrameworksBuildPhase section */
		5F60A5FC2762B6250001804A /* Frameworks */ = {
			isa = PBXFrameworksBuildPhase;
			buildActionMask = 2147483647;
			files = (
			);
			runOnlyForDeploymentPostprocessing = 0;
		};
/* End PBXFrameworksBuildPhase section */

/* Begin PBXGroup section */
		5F60A5F62762B6250001804A = {
			isa = PBXGroup;
			children = (
				5F60A6012762B6250001804A /* FileSystem */,
				5F60A6002762B6250001804A /* Products */,
			);
			sourceTree = "<group>";
		};
		5F60A6002762B6250001804A /* Products */ = {
			isa = PBXGroup;
			children = (
				5F60A5FF2762B6250001804A /* FileSystem */,
			);
			name = Products;
			sourceTree = "<group>";
		};
		5F60A6012762B6250001804A /* FileSystem */ = {
			isa = PBXGroup;
			children = (
				5F60A6022762B6250001804A /* main.swift */,
				5F60A60B2762B6340001804A /* Block.swift */,
				5F60A60F2762B7480001804A /* Constants.swift */,
				5F60A60D2762B6410001804A /* Descriptor.swift */,
				5F60A6092762B6300001804A /* FileSystemDriver.swift */,
				5F60A6112762BB2E0001804A /* Logger.swift */,
				5F60A6132762BB790001804A /* Command.swift */,
				5FF3C430276FBA6500F427ED /* BitMap.swift */,
				5FF3C432276FBEBF00F427ED /* ByteArray.swift */,
			);
			path = FileSystem;
			sourceTree = "<group>";
		};
/* End PBXGroup section */

/* Begin PBXNativeTarget section */
		5F60A5FE2762B6250001804A /* FileSystem */ = {
			isa = PBXNativeTarget;
			buildConfigurationList = 5F60A6062762B6250001804A /* Build configuration list for PBXNativeTarget "FileSystem" */;
			buildPhases = (
				5F60A5FB2762B6250001804A /* Sources */,
				5F60A5FC2762B6250001804A /* Frameworks */,
				5F60A5FD2762B6250001804A /* CopyFiles */,
			);
			buildRules = (
			);
			dependencies = (
			);
			name = FileSystem;
			productName = FileSystem;
			productReference = 5F60A5FF2762B6250001804A /* FileSystem */;
			productType = "com.apple.product-type.tool";
		};
/* End PBXNativeTarget section */

/* Begin PBXProject section */
		5F60A5F72762B6250001804A /* Project object */ = {
			isa = PBXProject;
			attributes = {
				BuildIndependentTargetsInParallel = 1;
				LastSwiftUpdateCheck = 1310;
				LastUpgradeCheck = 1310;
				TargetAttributes = {
					5F60A5FE2762B6250001804A = {
						CreatedOnToolsVersion = 13.1;
					};
				};
			};
			buildConfigurationList = 5F60A5FA2762B6250001804A /* Build configuration list for PBXProject "FileSystem" */;
			compatibilityVersion = "Xcode 13.0";
			developmentRegion = en;
			hasScannedForEncodings = 0;
			knownRegions = (
				en,
				Base,
			);
			mainGroup = 5F60A5F62762B6250001804A;
			productRefGroup = 5F60A6002762B6250001804A /* Products */;
			projectDirPath = "";
			projectRoot = "";
			targets = (
				5F60A5FE2762B6250001804A /* FileSystem */,
			);
		};
/* End PBXProject section */

/* Begin PBXSourcesBuildPhase section */
		5F60A5FB2762B6250001804A /* Sources */ = {
			isa = PBXSourcesBuildPhase;
			buildActionMask = 2147483647;
			files = (
				5F60A6102762B7480001804A /* Constants.swift in Sources */,
				5F60A6122762BB2E0001804A /* Logger.swift in Sources */,
				5FF3C433276FBEBF00F427ED /* ByteArray.swift in Sources */,
				5F60A60C2762B6340001804A /* Block.swift in Sources */,
				5F60A60A2762B6300001804A /* FileSystemDriver.swift in Sources */,
				5FF3C431276FBA6500F427ED /* BitMap.swift in Sources */,
				5F60A6142762BB790001804A /* Command.swift in Sources */,
				5F60A60E2762B6410001804A /* Descriptor.swift in Sources */,
				5F60A6032762B6250001804A /* main.swift in Sources */,
			);
			runOnlyForDeploymentPostprocessing = 0;
		};
/* End PBXSourcesBuildPhase section */

/* Begin XCBuildConfiguration section */
		5F60A6042762B6250001804A /* Debug */ = {
			isa = XCBuildConfiguration;
			buildSettings = {
				ALWAYS_SEARCH_USER_PATHS = NO;
				CLANG_ANALYZER_NONNULL = YES;
				CLANG_ANALYZER_NUMBER_OBJECT_CONVERSION = YES_AGGRESSIVE;
				CLANG_CXX_LANGUAGE_STANDARD = "gnu++17";
				CLANG_CXX_LIBRARY = "libc++";
				CLANG_ENABLE_MODULES = YES;
				CLANG_ENABLE_OBJC_ARC = YES;
				CLANG_ENABLE_OBJC_WEAK = YES;
				CLANG_WARN_BLOCK_CAPTURE_AUTORELEASING = YES;
				CLANG_WARN_BOOL_CONVERSION = YES;
				CLANG_WARN_COMMA = YES;
				CLANG_WARN_CONSTANT_CONVERSION = YES;
				CLANG_WARN_DEPRECATED_OBJC_IMPLEMENTATIONS = YES;
				CLANG_WARN_DIRECT_OBJC_ISA_USAGE = YES_ERROR;
				CLANG_WARN_DOCUMENTATION_COMMENTS = YES;
				CLANG_WARN_EMPTY_BODY = YES;
				CLANG_WARN_ENUM_CONVERSION = YES;
				CLANG_WARN_INFINITE_RECURSION = YES;
				CLANG_WARN_INT_CONVERSION = YES;
				CLANG_WARN_NON_LITERAL_NULL_CONVERSION = YES;
				CLANG_WARN_OBJC_IMPLICIT_RETAIN_SELF = YES;
				CLANG_WARN_OBJC_LITERAL_CONVERSION = YES;
				CLANG_WARN_OBJC_ROOT_CLASS = YES_ERROR;
				CLANG_WARN_QUOTED_INCLUDE_IN_FRAMEWORK_HEADER = YES;
				CLANG_WARN_RANGE_LOOP_ANALYSIS = YES;
				CLANG_WARN_STRICT_PROTOTYPES = YES;
				CLANG_WARN_SUSPICIOUS_MOVE = YES;
				CLANG_WARN_UNGUARDED_AVAILABILITY = YES_AGGRESSIVE;
				CLANG_WARN_UNREACHABLE_CODE = YES;
				CLANG_WARN__DUPLICATE_METHOD_MATCH = YES;
				COPY_PHASE_STRIP = NO;
				DEBUG_INFORMATION_FORMAT = dwarf;
				ENABLE_STRICT_OBJC_MSGSEND = YES;
				ENABLE_TESTABILITY = YES;
				GCC_C_LANGUAGE_STANDARD = gnu11;
				GCC_DYNAMIC_NO_PIC = NO;
				GCC_NO_COMMON_BLOCKS = YES;
				GCC_OPTIMIZATION_LEVEL = 0;
				GCC_PREPROCESSOR_DEFINITIONS = (
					"DEBUG=1",
					"$(inherited)",
				);
				GCC_WARN_64_TO_32_BIT_CONVERSION = YES;
				GCC_WARN_ABOUT_RETURN_TYPE = YES_ERROR;
				GCC_WARN_UNDECLARED_SELECTOR = YES;
				GCC_WARN_UNINITIALIZED_AUTOS = YES_AGGRESSIVE;
				GCC_WARN_UNUSED_FUNCTION = YES;
				GCC_WARN_UNUSED_VARIABLE = YES;
				MACOSX_DEPLOYMENT_TARGET = 12.0;
				MTL_ENABLE_DEBUG_INFO = INCLUDE_SOURCE;
				MTL_FAST_MATH = YES;
				ONLY_ACTIVE_ARCH = YES;
				SDKROOT = macosx;
				SWIFT_ACTIVE_COMPILATION_CONDITIONS = DEBUG;
				SWIFT_OPTIMIZATION_LEVEL = "-Onone";
			};
			name = Debug;
		};
		5F60A6052762B6250001804A /* Release */ = {
			isa = XCBuildConfiguration;
			buildSettings = {
				ALWAYS_SEARCH_USER_PATHS = NO;
				CLANG_ANALYZER_NONNULL = YES;
				CLANG_ANALYZER_NUMBER_OBJECT_CONVERSION = YES_AGGRESSIVE;
				CLANG_CXX_LANGUAGE_STANDARD = "gnu++17";
				CLANG_CXX_LIBRARY = "libc++";
				CLANG_ENABLE_MODULES = YES;
				CLANG_ENABLE_OBJC_ARC = YES;
				CLANG_ENABLE_OBJC_WEAK = YES;
				CLANG_WARN_BLOCK_CAPTURE_AUTORELEASING = YES;
				CLANG_WARN_BOOL_CONVERSION = YES;
				CLANG_WARN_COMMA = YES;
				CLANG_WARN_CONSTANT_CONVERSION = YES;
				CLANG_WARN_DEPRECATED_OBJC_IMPLEMENTATIONS = YES;
				CLANG_WARN_DIRECT_OBJC_ISA_USAGE = YES_ERROR;
				CLANG_WARN_DOCUMENTATION_COMMENTS = YES;
				CLANG_WARN_EMPTY_BODY = YES;
				CLANG_WARN_ENUM_CONVERSION = YES;
				CLANG_WARN_INFINITE_RECURSION = YES;
				CLANG_WARN_INT_CONVERSION = YES;
				CLANG_WARN_NON_LITERAL_NULL_CONVERSION = YES;
				CLANG_WARN_OBJC_IMPLICIT_RETAIN_SELF = YES;
				CLANG_WARN_OBJC_LITERAL_CONVERSION = YES;
				CLANG_WARN_OBJC_ROOT_CLASS = YES_ERROR;
				CLANG_WARN_QUOTED_INCLUDE_IN_FRAMEWORK_HEADER = YES;
				CLANG_WARN_RANGE_LOOP_ANALYSIS = YES;
				CLANG_WARN_STRICT_PROTOTYPES = YES;
				CLANG_WARN_SUSPICIOUS_MOVE = YES;
				CLANG_WARN_UNGUARDED_AVAILABILITY = YES_AGGRESSIVE;
				CLANG_WARN_UNREACHABLE_CODE = YES;
				CLANG_WARN__DUPLICATE_METHOD_MATCH = YES;
				COPY_PHASE_STRIP = NO;
				DEBUG_INFORMATION_FORMAT = "dwarf-with-dsym";
				ENABLE_NS_ASSERTIONS = NO;
				ENABLE_STRICT_OBJC_MSGSEND = YES;
				GCC_C_LANGUAGE_STANDARD = gnu11;
				GCC_NO_COMMON_BLOCKS = YES;
				GCC_WARN_64_TO_32_BIT_CONVERSION = YES;
				GCC_WARN_ABOUT_RETURN_TYPE = YES_ERROR;
				GCC_WARN_UNDECLARED_SELECTOR = YES;
				GCC_WARN_UNINITIALIZED_AUTOS = YES_AGGRESSIVE;
				GCC_WARN_UNUSED_FUNCTION = YES;
				GCC_WARN_UNUSED_VARIABLE = YES;
				MACOSX_DEPLOYMENT_TARGET = 12.0;
				MTL_ENABLE_DEBUG_INFO = NO;
				MTL_FAST_MATH = YES;
				SDKROOT = macosx;
				SWIFT_COMPILATION_MODE = wholemodule;
				SWIFT_OPTIMIZATION_LEVEL = "-O";
			};
			name = Release;
		};
		5F60A6072762B6250001804A /* Debug */ = {
			isa = XCBuildConfiguration;
			buildSettings = {
				CODE_SIGN_STYLE = Automatic;
				DEVELOPMENT_TEAM = M92VXVU7J9;
				ENABLE_HARDENED_RUNTIME = YES;
				ENABLE_TESTABILITY = YES;
				PRODUCT_NAME = "$(TARGET_NAME)";
				SWIFT_VERSION = 5.0;
			};
			name = Debug;
		};
		5F60A6082762B6250001804A /* Release */ = {
			isa = XCBuildConfiguration;
			buildSettings = {
				CODE_SIGN_STYLE = Automatic;
				DEVELOPMENT_TEAM = M92VXVU7J9;
				ENABLE_HARDENED_RUNTIME = YES;
				ENABLE_TESTABILITY = YES;
				PRODUCT_NAME = "$(TARGET_NAME)";
				SWIFT_VERSION = 5.0;
			};
			name = Release;
		};
/* End XCBuildConfiguration section */

/* Begin XCConfigurationList section */
		5F60A5FA2762B6250001804A /* Build configuration list for PBXProject "FileSystem" */ = {
			isa = XCConfigurationList;
			buildConfigurations = (
				5F60A6042762B6250001804A /* Debug */,
				5F60A6052762B6250001804A /* Release */,
			);
			defaultConfigurationIsVisible = 0;
			defaultConfigurationName = Release;
		};
		5F60A6062762B6250001804A /* Build configuration list for PBXNativeTarget "FileSystem" */ = {
			isa = XCConfigurationList;
			buildConfigurations = (
				5F60A6072762B6250001804A /* Debug */,
				5F60A6082762B6250001804A /* Release */,
			);
			defaultConfigurationIsVisible = 0;
			defaultConfigurationName = Release;
		};
/* End XCConfigurationList section */
	};
	rootObject = 5F60A5F72762B6250001804A /* Project object */;
}
